---
path: ".gem_rbs_collection"
gems:
- name: actioncable
  version: '7.1'
  source:
    type: git
    name: ruby/gem_rbs_collection
    revision: 0a6ea105a0afc7eaee4494585a7775f47eea6145
    remote: https://github.com/ruby/gem_rbs_collection.git
    repo_dir: gems
- name: actionmailer
  version: '7.0'
  source:
    type: git
    name: ruby/gem_rbs_collection
    revision: 0a6ea105a0afc7eaee4494585a7775f47eea6145
    remote: https://github.com/ruby/gem_rbs_collection.git
    repo_dir: gems
- name: actionpack
  version: '7.2'
  source:
    type: git
    name: ruby/gem_rbs_collection
    revision: 0a6ea105a0afc7eaee4494585a7775f47eea6145
    remote: https://github.com/ruby/gem_rbs_collection.git
    repo_dir: gems
- name: actiontext
  version: '7.2'
  source:
    type: git
    name: ruby/gem_rbs_collection
    revision: 0a6ea105a0afc7eaee4494585a7775f47eea6145
    remote: https://github.com/ruby/gem_rbs_collection.git
    repo_dir: gems
- name: actionview
  version: '6.0'
  source:
    type: git
    name: ruby/gem_rbs_collection
    revision: 0a6ea105a0afc7eaee4494585a7775f47eea6145
    remote: https://github.com/ruby/gem_rbs_collection.git
    repo_dir: gems
- name: activejob
  version: '6.0'
  source:
    type: git
    name: ruby/gem_rbs_collection
    revision: 0a6ea105a0afc7eaee4494585a7775f47eea6145
    remote: https://github.com/ruby/gem_rbs_collection.git
    repo_dir: gems
- name: activemodel
  version: '7.1'
  source:
    type: git
    name: ruby/gem_rbs_collection
    revision: 0a6ea105a0afc7eaee4494585a7775f47eea6145
    remote: https://github.com/ruby/gem_rbs_collection.git
    repo_dir: gems
- name: activerecord
  version: '7.2'
  source:
    type: git
    name: ruby/gem_rbs_collection
    revision: 0a6ea105a0afc7eaee4494585a7775f47eea6145
    remote: https://github.com/ruby/gem_rbs_collection.git
    repo_dir: gems
- name: activestorage
  version: '7.0'
  source:
    type: git
    name: ruby/gem_rbs_collection
    revision: 0a6ea105a0afc7eaee4494585a7775f47eea6145
    remote: https://github.com/ruby/gem_rbs_collection.git
    repo_dir: gems
- name: activesupport
  version: '7.0'
  source:
    type: git
    name: ruby/gem_rbs_collection
    revision: 0a6ea105a0afc7eaee4494585a7775f47eea6145
    remote: https://github.com/ruby/gem_rbs_collection.git
    repo_dir: gems
- name: addressable
  version: '2.8'
  source:
    type: git
    name: ruby/gem_rbs_collection
    revision: 0a6ea105a0afc7eaee4494585a7775f47eea6145
    remote: https://github.com/ruby/gem_rbs_collection.git
    repo_dir: gems
- name: aws-sdk-core
  version: 3.214.0
  source:
    type: rubygems
- name: aws-sdk-kms
  version: 1.96.0
  source:
    type: rubygems
- name: aws-sdk-s3
  version: 1.174.0
  source:
    type: rubygems
- name: base64
  version: '0'
  source:
    type: stdlib
- name: bcrypt
  version: '3.1'
  source:
    type: git
    name: ruby/gem_rbs_collection
    revision: 0a6ea105a0afc7eaee4494585a7775f47eea6145
    remote: https://github.com/ruby/gem_rbs_collection.git
    repo_dir: gems
- name: benchmark
  version: '0'
  source:
    type: stdlib
- name: bigdecimal
  version: '0'
  source:
    type: stdlib
- name: carrierwave
  version: '3.0'
  source:
    type: git
    name: ruby/gem_rbs_collection
    revision: 0a6ea105a0afc7eaee4494585a7775f47eea6145
    remote: https://github.com/ruby/gem_rbs_collection.git
    repo_dir: gems
- name: cgi
  version: '0'
  source:
    type: stdlib
- name: concurrent-ruby
  version: '1.1'
  source:
    type: git
    name: ruby/gem_rbs_collection
    revision: 0a6ea105a0afc7eaee4494585a7775f47eea6145
    remote: https://github.com/ruby/gem_rbs_collection.git
    repo_dir: gems
- name: connection_pool
  version: '2.4'
  source:
    type: git
    name: ruby/gem_rbs_collection
    revision: 0a6ea105a0afc7eaee4494585a7775f47eea6145
    remote: https://github.com/ruby/gem_rbs_collection.git
    repo_dir: gems
- name: csv
  version: '0'
  source:
    type: stdlib
- name: date
  version: '0'
  source:
    type: stdlib
- name: dbm
  version: '0'
  source:
    type: stdlib
- name: delegate
  version: '0'
  source:
    type: stdlib
- name: diff-lcs
  version: '1.5'
  source:
    type: git
    name: ruby/gem_rbs_collection
    revision: 0a6ea105a0afc7eaee4494585a7775f47eea6145
    remote: https://github.com/ruby/gem_rbs_collection.git
    repo_dir: gems
- name: dotenv-rails
  version: '2.8'
  source:
    type: git
    name: ruby/gem_rbs_collection
    revision: 0a6ea105a0afc7eaee4494585a7775f47eea6145
    remote: https://github.com/ruby/gem_rbs_collection.git
    repo_dir: gems
- name: erb
  version: '0'
  source:
    type: stdlib
- name: faker
  version: '2.23'
  source:
    type: git
    name: ruby/gem_rbs_collection
    revision: 0a6ea105a0afc7eaee4494585a7775f47eea6145
    remote: https://github.com/ruby/gem_rbs_collection.git
    repo_dir: gems
- name: faraday
  version: '2.7'
  source:
    type: git
    name: ruby/gem_rbs_collection
    revision: 0a6ea105a0afc7eaee4494585a7775f47eea6145
    remote: https://github.com/ruby/gem_rbs_collection.git
    repo_dir: gems
- name: fileutils
  version: '0'
  source:
    type: stdlib
- name: flipper
  version: '0.28'
  source:
    type: git
    name: ruby/gem_rbs_collection
    revision: 0a6ea105a0afc7eaee4494585a7775f47eea6145
    remote: https://github.com/ruby/gem_rbs_collection.git
    repo_dir: gems
- name: forwardable
  version: '0'
  source:
    type: stdlib
- name: geocoder
  version: '1.8'
  source:
    type: git
    name: ruby/gem_rbs_collection
    revision: 0a6ea105a0afc7eaee4494585a7775f47eea6145
    remote: https://github.com/ruby/gem_rbs_collection.git
    repo_dir: gems
- name: globalid
  version: '1.1'
  source:
    type: git
    name: ruby/gem_rbs_collection
    revision: 0a6ea105a0afc7eaee4494585a7775f47eea6145
    remote: https://github.com/ruby/gem_rbs_collection.git
    repo_dir: gems
- name: google-protobuf
  version: '3.22'
  source:
    type: git
    name: ruby/gem_rbs_collection
    revision: 0a6ea105a0afc7eaee4494585a7775f47eea6145
    remote: https://github.com/ruby/gem_rbs_collection.git
    repo_dir: gems
- name: hashdiff
  version: '1.1'
  source:
    type: git
    name: ruby/gem_rbs_collection
    revision: 0a6ea105a0afc7eaee4494585a7775f47eea6145
    remote: https://github.com/ruby/gem_rbs_collection.git
    repo_dir: gems
- name: hashie
  version: '5.0'
  source:
    type: git
    name: ruby/gem_rbs_collection
    revision: 0a6ea105a0afc7eaee4494585a7775f47eea6145
    remote: https://github.com/ruby/gem_rbs_collection.git
    repo_dir: gems
- name: http
  version: '5.1'
  source:
    type: git
    name: ruby/gem_rbs_collection
    revision: 0a6ea105a0afc7eaee4494585a7775f47eea6145
    remote: https://github.com/ruby/gem_rbs_collection.git
    repo_dir: gems
- name: i18n
  version: '1.10'
  source:
    type: git
    name: ruby/gem_rbs_collection
    revision: 0a6ea105a0afc7eaee4494585a7775f47eea6145
    remote: https://github.com/ruby/gem_rbs_collection.git
    repo_dir: gems
- name: io-console
  version: '0'
  source:
    type: stdlib
- name: json
  version: '0'
  source:
    type: stdlib
- name: jwt
  version: '2.5'
  source:
    type: git
    name: ruby/gem_rbs_collection
    revision: 0a6ea105a0afc7eaee4494585a7775f47eea6145
    remote: https://github.com/ruby/gem_rbs_collection.git
    repo_dir: gems
- name: kaminari-actionview
  version: '1.2'
  source:
    type: git
    name: ruby/gem_rbs_collection
    revision: 0a6ea105a0afc7eaee4494585a7775f47eea6145
    remote: https://github.com/ruby/gem_rbs_collection.git
    repo_dir: gems
- name: kaminari-activerecord
  version: '1.2'
  source:
    type: git
    name: ruby/gem_rbs_collection
    revision: 0a6ea105a0afc7eaee4494585a7775f47eea6145
    remote: https://github.com/ruby/gem_rbs_collection.git
    repo_dir: gems
- name: kaminari-core
  version: '1.2'
  source:
    type: git
    name: ruby/gem_rbs_collection
    revision: 0a6ea105a0afc7eaee4494585a7775f47eea6145
    remote: https://github.com/ruby/gem_rbs_collection.git
    repo_dir: gems
- name: listen
  version: '3.9'
  source:
    type: git
    name: ruby/gem_rbs_collection
    revision: 0a6ea105a0afc7eaee4494585a7775f47eea6145
    remote: https://github.com/ruby/gem_rbs_collection.git
    repo_dir: gems
- name: logger
  version: '0'
  source:
    type: stdlib
- name: mail
  version: '2.8'
  source:
    type: git
    name: ruby/gem_rbs_collection
    revision: 0a6ea105a0afc7eaee4494585a7775f47eea6145
    remote: https://github.com/ruby/gem_rbs_collection.git
    repo_dir: gems
- name: marcel
  version: '1.0'
  source:
    type: git
    name: ruby/gem_rbs_collection
    revision: 0a6ea105a0afc7eaee4494585a7775f47eea6145
    remote: https://github.com/ruby/gem_rbs_collection.git
    repo_dir: gems
- name: mini_magick
  version: '4.13'
  source:
    type: git
    name: ruby/gem_rbs_collection
    revision: 0a6ea105a0afc7eaee4494585a7775f47eea6145
    remote: https://github.com/ruby/gem_rbs_collection.git
    repo_dir: gems
- name: mini_mime
  version: '0.1'
  source:
    type: git
    name: ruby/gem_rbs_collection
    revision: 0a6ea105a0afc7eaee4494585a7775f47eea6145
    remote: https://github.com/ruby/gem_rbs_collection.git
    repo_dir: gems
- name: minitest
  version: '0'
  source:
    type: stdlib
- name: monitor
  version: '0'
  source:
    type: stdlib
- name: mutex_m
  version: '0'
  source:
    type: stdlib
- name: net-http
  version: '0'
  source:
    type: stdlib
- name: net-protocol
  version: '0'
  source:
    type: stdlib
- name: net-smtp
  version: '0'
  source:
    type: stdlib
- name: nokogiri
  version: '1.11'
  source:
    type: git
    name: ruby/gem_rbs_collection
    revision: 0a6ea105a0afc7eaee4494585a7775f47eea6145
    remote: https://github.com/ruby/gem_rbs_collection.git
    repo_dir: gems
- name: openssl
  version: '0'
  source:
    type: stdlib
- name: optparse
  version: '0'
  source:
    type: stdlib
- name: pathname
  version: '0'
  source:
    type: stdlib
- name: pstore
  version: '0'
  source:
    type: stdlib
- name: psych
  version: '0'
  source:
    type: stdlib
- name: rack
  version: '2.2'
  source:
    type: git
    name: ruby/gem_rbs_collection
    revision: 0a6ea105a0afc7eaee4494585a7775f47eea6145
    remote: https://github.com/ruby/gem_rbs_collection.git
    repo_dir: gems
- name: rails-dom-testing
  version: '2.0'
  source:
    type: git
    name: ruby/gem_rbs_collection
    revision: 0a6ea105a0afc7eaee4494585a7775f47eea6145
    remote: https://github.com/ruby/gem_rbs_collection.git
    repo_dir: gems
- name: rails-html-sanitizer
  version: '1.6'
  source:
    type: git
    name: ruby/gem_rbs_collection
    revision: 0a6ea105a0afc7eaee4494585a7775f47eea6145
    remote: https://github.com/ruby/gem_rbs_collection.git
    repo_dir: gems
- name: railties
  version: '6.0'
  source:
    type: git
    name: ruby/gem_rbs_collection
    revision: 0a6ea105a0afc7eaee4494585a7775f47eea6145
    remote: https://github.com/ruby/gem_rbs_collection.git
    repo_dir: gems
- name: rainbow
  version: '3.0'
  source:
    type: git
    name: ruby/gem_rbs_collection
    revision: 0a6ea105a0afc7eaee4494585a7775f47eea6145
    remote: https://github.com/ruby/gem_rbs_collection.git
    repo_dir: gems
- name: rake
  version: '13.0'
  source:
    type: git
    name: ruby/gem_rbs_collection
    revision: 0a6ea105a0afc7eaee4494585a7775f47eea6145
    remote: https://github.com/ruby/gem_rbs_collection.git
    repo_dir: gems
- name: rbs_rails
  version: 0.12.1
  source:
    type: rubygems
- name: rdoc
  version: '0'
  source:
    type: stdlib
- name: recaptcha
  version: '5.15'
  source:
    type: git
    name: ruby/gem_rbs_collection
    revision: 0a6ea105a0afc7eaee4494585a7775f47eea6145
    remote: https://github.com/ruby/gem_rbs_collection.git
    repo_dir: gems
- name: redis
  version: '4.2'
  source:
    type: git
    name: ruby/gem_rbs_collection
    revision: 0a6ea105a0afc7eaee4494585a7775f47eea6145
    remote: https://github.com/ruby/gem_rbs_collection.git
    repo_dir: gems
- name: regexp_parser
  version: '2.8'
  source:
    type: git
    name: ruby/gem_rbs_collection
    revision: 0a6ea105a0afc7eaee4494585a7775f47eea6145
    remote: https://github.com/ruby/gem_rbs_collection.git
    repo_dir: gems
- name: ripper
  version: '0'
  source:
    type: stdlib
- name: rubyzip
  version: '2.3'
  source:
    type: git
    name: ruby/gem_rbs_collection
    revision: 0a6ea105a0afc7eaee4494585a7775f47eea6145
    remote: https://github.com/ruby/gem_rbs_collection.git
    repo_dir: gems
- name: securerandom
  version: '0'
  source:
    type: stdlib
- name: sentry-ruby
  version: '5.2'
  source:
    type: git
    name: ruby/gem_rbs_collection
    revision: 0a6ea105a0afc7eaee4494585a7775f47eea6145
    remote: https://github.com/ruby/gem_rbs_collection.git
    repo_dir: gems
- name: sidekiq
  version: '7.0'
  source:
    type: git
    name: ruby/gem_rbs_collection
    revision: 0a6ea105a0afc7eaee4494585a7775f47eea6145
    remote: https://github.com/ruby/gem_rbs_collection.git
    repo_dir: gems
- name: simplecov
  version: '0.22'
  source:
    type: git
    name: ruby/gem_rbs_collection
    revision: 0a6ea105a0afc7eaee4494585a7775f47eea6145
    remote: https://github.com/ruby/gem_rbs_collection.git
    repo_dir: gems
- name: singleton
  version: '0'
  source:
    type: stdlib
- name: socket
  version: '0'
  source:
    type: stdlib
- name: stackprof
  version: '0.2'
  source:
    type: git
    name: ruby/gem_rbs_collection
    revision: 0a6ea105a0afc7eaee4494585a7775f47eea6145
    remote: https://github.com/ruby/gem_rbs_collection.git
    repo_dir: gems
- name: tempfile
  version: '0'
  source:
    type: stdlib
- name: thor
  version: '1.2'
  source:
    type: git
    name: ruby/gem_rbs_collection
    revision: 0a6ea105a0afc7eaee4494585a7775f47eea6145
    remote: https://github.com/ruby/gem_rbs_collection.git
    repo_dir: gems
- name: time
  version: '0'
  source:
    type: stdlib
- name: timeout
  version: '0'
  source:
    type: stdlib
- name: tsort
  version: '0'
  source:
    type: stdlib
- name: tzinfo
  version: '2.0'
  source:
    type: git
    name: ruby/gem_rbs_collection
    revision: 0a6ea105a0afc7eaee4494585a7775f47eea6145
    remote: https://github.com/ruby/gem_rbs_collection.git
    repo_dir: gems
- name: uri
  version: '0'
  source:
    type: stdlib
- name: webmock
  version: '3.19'
  source:
    type: git
    name: ruby/gem_rbs_collection
    revision: 0a6ea105a0afc7eaee4494585a7775f47eea6145
    remote: https://github.com/ruby/gem_rbs_collection.git
    repo_dir: gems
- name: yard
  version: '0.9'
  source:
    type: git
    name: ruby/gem_rbs_collection
    revision: 0a6ea105a0afc7eaee4494585a7775f47eea6145
    remote: https://github.com/ruby/gem_rbs_collection.git
    repo_dir: gems
gemfile_lock_path: Gemfile.lock
